{
  "nodes": {
    "crane": {
      "inputs": {
        "flake-compat": "flake-compat",
        "flake-utils": [
          "enarx",
          "nixify",
          "flake-utils"
        ],
        "nixpkgs": [
          "enarx",
          "nixify",
          "nixpkgs"
        ],
        "rust-overlay": [
          "enarx",
          "nixify",
          "rust-overlay"
        ]
      },
      "locked": {
        "lastModified": 1669943300,
        "narHash": "sha256-1adQsyh7MvtlR19cJvL0VWemVTWwVbWSKrmrfX60ztU=",
        "owner": "ipetkov",
        "repo": "crane",
        "rev": "fb80a689c5c517bc40d9cc1828c384c38de90dda",
        "type": "github"
      },
      "original": {
        "owner": "ipetkov",
        "ref": "v0.10.0",
        "repo": "crane",
        "type": "github"
      }
    },
    "crane_2": {
      "inputs": {
        "flake-compat": "flake-compat_2",
        "flake-utils": [
          "nixify",
          "flake-utils"
        ],
        "nixpkgs": [
          "nixify",
          "nixpkgs"
        ],
        "rust-overlay": [
          "nixify",
          "rust-overlay"
        ]
      },
      "locked": {
        "lastModified": 1669943300,
        "narHash": "sha256-1adQsyh7MvtlR19cJvL0VWemVTWwVbWSKrmrfX60ztU=",
        "owner": "ipetkov",
        "repo": "crane",
        "rev": "fb80a689c5c517bc40d9cc1828c384c38de90dda",
        "type": "github"
      },
      "original": {
        "owner": "ipetkov",
        "ref": "v0.10.0",
        "repo": "crane",
        "type": "github"
      }
    },
    "enarx": {
      "inputs": {
        "nixify": "nixify"
      },
      "locked": {
        "lastModified": 1673362187,
        "narHash": "sha256-Y9gbcDPqYYB4lY4KoLssSOb8wPHpl5HadnMa5O84acs=",
        "owner": "enarx",
        "repo": "enarx",
        "rev": "188e68f78aaf09936fdbae05a5594ea3e7b4d76a",
        "type": "github"
      },
      "original": {
        "owner": "enarx",
        "repo": "enarx",
        "type": "github"
      }
    },
    "flake-compat": {
      "flake": false,
      "locked": {
        "lastModified": 1650374568,
        "narHash": "sha256-Z+s0J8/r907g149rllvwhb4pKi8Wam5ij0st8PwAh+E=",
        "owner": "edolstra",
        "repo": "flake-compat",
        "rev": "b4a34015c698c7793d592d66adbab377907a2be8",
        "type": "github"
      },
      "original": {
        "owner": "edolstra",
        "repo": "flake-compat",
        "type": "github"
      }
    },
    "flake-compat_2": {
      "flake": false,
      "locked": {
        "lastModified": 1650374568,
        "narHash": "sha256-Z+s0J8/r907g149rllvwhb4pKi8Wam5ij0st8PwAh+E=",
        "owner": "edolstra",
        "repo": "flake-compat",
        "rev": "b4a34015c698c7793d592d66adbab377907a2be8",
        "type": "github"
      },
      "original": {
        "owner": "edolstra",
        "repo": "flake-compat",
        "type": "github"
      }
    },
    "flake-utils": {
      "locked": {
        "lastModified": 1667395993,
        "narHash": "sha256-nuEHfE/LcWyuSWnS8t12N1wc105Qtau+/OdUAjtQ0rA=",
        "owner": "numtide",
        "repo": "flake-utils",
        "rev": "5aed5285a952e0b949eb3ba02c12fa4fcfef535f",
        "type": "github"
      },
      "original": {
        "owner": "numtide",
        "repo": "flake-utils",
        "type": "github"
      }
    },
    "flake-utils_2": {
      "locked": {
        "lastModified": 1667395993,
        "narHash": "sha256-nuEHfE/LcWyuSWnS8t12N1wc105Qtau+/OdUAjtQ0rA=",
        "owner": "numtide",
        "repo": "flake-utils",
        "rev": "5aed5285a952e0b949eb3ba02c12fa4fcfef535f",
        "type": "github"
      },
      "original": {
        "owner": "numtide",
        "repo": "flake-utils",
        "type": "github"
      }
    },
    "nixify": {
      "inputs": {
        "crane": "crane",
        "flake-utils": "flake-utils",
        "nixlib": "nixlib",
        "nixpkgs": "nixpkgs",
        "rust-overlay": "rust-overlay"
      },
      "locked": {
        "lastModified": 1672711494,
        "narHash": "sha256-lxsMw2+arsUhBNeyHgPk4D6phEm1/jZPSfxXB5z/8aI=",
        "owner": "rvolosatovs",
        "repo": "nixify",
        "rev": "532be6528a5217c9a8f1ab2c5d7c64e9c38739cc",
        "type": "github"
      },
      "original": {
        "owner": "rvolosatovs",
        "repo": "nixify",
        "type": "github"
      }
    },
    "nixify_2": {
      "inputs": {
        "crane": "crane_2",
        "flake-utils": "flake-utils_2",
        "nixlib": "nixlib_2",
        "nixpkgs": "nixpkgs_2",
        "rust-overlay": "rust-overlay_2"
      },
      "locked": {
        "lastModified": 1673366528,
        "narHash": "sha256-IyhxHttNY2MOITkX4Jv7wSB8ui+WOGIlRG6M5iAGx5c=",
        "owner": "rvolosatovs",
        "repo": "nixify",
        "rev": "5137297cc8914e2bdc4a448b716276d9a731329b",
        "type": "github"
      },
      "original": {
        "owner": "rvolosatovs",
        "repo": "nixify",
        "type": "github"
      }
    },
    "nixlib": {
      "locked": {
        "lastModified": 1672534360,
        "narHash": "sha256-4r25ZnSyGM3wSuXhAMzROTIvIEqPwAx/L9hjbXDJB2c=",
        "owner": "nix-community",
        "repo": "nixpkgs.lib",
        "rev": "360b002d33d735931db40cdd5ddb4f9ba4ba5804",
        "type": "github"
      },
      "original": {
        "owner": "nix-community",
        "repo": "nixpkgs.lib",
        "type": "github"
      }
    },
    "nixlib_2": {
      "locked": {
        "lastModified": 1673139014,
        "narHash": "sha256-wWtN1TjfsRbI2AYRP4RPcEKv3HVgy6lCCLg0Lyhlxbc=",
        "owner": "nix-community",
        "repo": "nixpkgs.lib",
        "rev": "080b7eb536d3baf70796dcc20abe4ee90618ca3c",
        "type": "github"
      },
      "original": {
        "owner": "nix-community",
        "repo": "nixpkgs.lib",
        "type": "github"
      }
    },
    "nixpkgs": {
      "locked": {
        "lastModified": 1672580127,
        "narHash": "sha256-3lW3xZslREhJogoOkjeZtlBtvFMyxHku7I/9IVehhT8=",
        "owner": "nixos",
        "repo": "nixpkgs",
        "rev": "0874168639713f547c05947c76124f78441ea46c",
        "type": "github"
      },
      "original": {
        "owner": "nixos",
        "ref": "nixpkgs-22.05-darwin",
        "repo": "nixpkgs",
        "type": "github"
      }
    },
    "nixpkgs_2": {
      "locked": {
        "lastModified": 1672580127,
        "narHash": "sha256-3lW3xZslREhJogoOkjeZtlBtvFMyxHku7I/9IVehhT8=",
        "owner": "nixos",
        "repo": "nixpkgs",
        "rev": "0874168639713f547c05947c76124f78441ea46c",
        "type": "github"
      },
      "original": {
        "owner": "nixos",
        "ref": "nixpkgs-22.05-darwin",
        "repo": "nixpkgs",
        "type": "github"
      }
    },
    "root": {
      "inputs": {
        "enarx": "enarx",
        "nixify": "nixify_2"
      }
    },
    "rust-overlay": {
      "inputs": {
        "flake-utils": [
          "enarx",
          "nixify",
          "flake-utils"
        ],
        "nixpkgs": [
          "enarx",
          "nixify",
          "nixpkgs"
        ]
      },
      "locked": {
        "lastModified": 1672626196,
        "narHash": "sha256-BfdLrMqxqa4YA1I1wgPBQyu4FPzL0Tp4WI2C5S6BuYo=",
        "owner": "oxalica",
        "repo": "rust-overlay",
        "rev": "c8bf9c162bb3f734cf357846e995eb70b94e2bcd",
        "type": "github"
      },
      "original": {
        "owner": "oxalica",
        "repo": "rust-overlay",
        "type": "github"
      }
    },
    "rust-overlay_2": {
      "inputs": {
        "flake-utils": [
          "nixify",
          "flake-utils"
        ],
        "nixpkgs": [
          "nixify",
          "nixpkgs"
        ]
      },
      "locked": {
        "lastModified": 1673231106,
        "narHash": "sha256-Tbw4N/TL+nHmxF8RBoOJbl/6DRRzado/9/ttPEzkGr8=",
        "owner": "oxalica",
        "repo": "rust-overlay",
        "rev": "3488cec01351c2f1086b02a3a61808be7a25103e",
        "type": "github"
      },
      "original": {
        "owner": "oxalica",
        "repo": "rust-overlay",
        "type": "github"
      }
    }
  },
  "root": "root",
  "version": 7
}
